
Microsoft Visual Studio Solution File, Format Version 12.00
# Visual Studio Version 17
VisualStudioVersion = 17.1.32414.318
MinimumVisualStudioVersion = 10.0.40219.1
Project("{FAE04EC0-301F-11D3-BF4B-00C04F79EFBC}") = "CleanerGrassLLC", "CleanerGrassLLC\CleanerGrassLLC.csproj", "{D240E057-B333-4A0E-9896-FD290F39E474}"
EndProject
Global
	GlobalSection(SolutionConfigurationPlatforms) = preSolution
		Debug|Any CPU = Debug|Any CPU
		Release|Any CPU = Release|Any CPU
	EndGlobalSection
	GlobalSection(ProjectConfigurationPlatforms) = postSolution
		{D240E057-B333-4A0E-9896-FD290F39E474}.Debug|Any CPU.ActiveCfg = Debug|Any CPU
		{D240E057-B333-4A0E-9896-FD290F39E474}.Debug|Any CPU.Build.0 = Debug|Any CPU
		{D240E057-B333-4A0E-9896-FD290F39E474}.Release|Any CPU.ActiveCfg = Release|Any CPU
		{D240E057-B333-4A0E-9896-FD290F39E474}.Release|Any CPU.Build.0 = Release|Any CPU
	EndGlobalSection
	GlobalSection(SolutionProperties) = preSolution
		HideSolutionNode = FALSE
	EndGlobalSection
	GlobalSection(ExtensibilityGlobals) = postSolution
		SolutionGuid = {42C4DC68-06A7-4B36-9F27-F37FA9B06756}
	EndGlobalSection
EndGlobal
